
Microsoft Visual Studio Solution File, Format Version 12.00
# Visual Studio 2012
Project("{FAE04EC0-301F-11D3-BF4B-00C04F79EFBC}") = "ToDo", "ToDo\ToDo.csproj", "{EFFD385B-186D-471C-A78D-0A03B3BD1406}"
EndProject
Global
	GlobalSection(SolutionConfigurationPlatforms) = preSolution
		Debug|Any CPU = Debug|Any CPU
		Release|Any CPU = Release|Any CPU
	EndGlobalSection
	GlobalSection(ProjectConfigurationPlatforms) = postSolution
		{EFFD385B-186D-471C-A78D-0A03B3BD1406}.Debug|Any CPU.ActiveCfg = Debug|Any CPU
		{EFFD385B-186D-471C-A78D-0A03B3BD1406}.Debug|Any CPU.Build.0 = Debug|Any CPU
		{EFFD385B-186D-471C-A78D-0A03B3BD1406}.Release|Any CPU.ActiveCfg = Release|Any CPU
		{EFFD385B-186D-471C-A78D-0A03B3BD1406}.Release|Any CPU.Build.0 = Release|Any CPU
	EndGlobalSection
	GlobalSection(SolutionProperties) = preSolution
		HideSolutionNode = FALSE
	EndGlobalSection
EndGlobal
